# @generated by Move, please check-in and do not edit manually.

[move]
version = 0
manifest_digest = "FCA8C73662596C793ABFCA922821FE79C4E2E3675A7E039A476824203AFBAB4B"
deps_digest = "F8BBB0CCB2491CA29A3DF03D6F92277A4F3574266507ACD77214D37ECA3F3082"

dependencies = [
  { name = "Sui" },
]

[[move.package]]
name = "MoveStdlib"
source = { git = "https://github.com/MystenLabs/sui.git", rev = "releases/sui-v1.17.0-release", subdir = "crates/sui-framework/packages/move-stdlib" }

[[move.package]]
name = "Sui"
source = { git = "https://github.com/MystenLabs/sui.git", rev = "releases/sui-v1.17.0-release", subdir = "crates/sui-framework/packages/sui-framework" }

dependencies = [
  { name = "MoveStdlib" },
]

[move.toolchain-version]
compiler-version = "1.22.0"
edition = "legacy"
flavor = "sui"
